
Microsoft Visual Studio Solution File, Format Version 12.00
# Visual Studio Version 16
VisualStudioVersion = 16.6.30114.105
MinimumVisualStudioVersion = 10.0.40219.1
Project("{2150E333-8FDC-42A3-9474-1A3956D46DE8}") = "0-Presentation", "0-Presentation", "{7C7CCAF4-CE99-436A-9741-AB438A048DD8}"
EndProject
Project("{2150E333-8FDC-42A3-9474-1A3956D46DE8}") = "0.1-WebApi", "0.1-WebApi", "{7D10CF90-0DCE-4539-8F5F-EAEC7FD93D32}"
EndProject
Project("{FAE04EC0-301F-11D3-BF4B-00C04F79EFBC}") = "IET.DonateWell.Presentation.WebApi", "0-Presentation\0.1-WebApi\IET.DonateWell.Presentation.WebApi\IET.DonateWell.Presentation.WebApi.csproj", "{F7DAF7E7-A7A5-4285-901A-68BCE06AB377}"
EndProject
Project("{2150E333-8FDC-42A3-9474-1A3956D46DE8}") = "1-Application", "1-Application", "{A27F4774-34DC-4E79-A66F-256407800EE1}"
EndProject
Project("{FAE04EC0-301F-11D3-BF4B-00C04F79EFBC}") = "IET.DonateWell.Application", "1-Application\IET.DonateWell.Application\IET.DonateWell.Application.csproj", "{AA0B4AFF-65D1-4BC8-BBF4-F55E10FBD306}"
EndProject
Project("{2150E333-8FDC-42A3-9474-1A3956D46DE8}") = "2-Domain", "2-Domain", "{3C79BFA5-9BE0-40B3-8C0F-0A930A288622}"
EndProject
Project("{FAE04EC0-301F-11D3-BF4B-00C04F79EFBC}") = "IET.DonateWell.Domain", "2-Domain\IET.DonateWell.Domain\IET.DonateWell.Domain.csproj", "{A970B0FD-B894-4AC0-A2ED-828EEEFF2780}"
EndProject
Project("{2150E333-8FDC-42A3-9474-1A3956D46DE8}") = "3-Infra", "3-Infra", "{9EB2D478-AD2A-4662-832F-E1908D844997}"
EndProject
Project("{2150E333-8FDC-42A3-9474-1A3956D46DE8}") = "3.1-Data", "3.1-Data", "{62663D6A-6C3D-48C2-B0D4-AAA92C6C361C}"
EndProject
Project("{FAE04EC0-301F-11D3-BF4B-00C04F79EFBC}") = "IET.DonateWell.Infra.Data", "3-Infra\3.1-Data\IET.DonateWell.Infra.Data\IET.DonateWell.Infra.Data.csproj", "{0C632384-A2F0-4C11-B530-30905C948880}"
EndProject
Project("{2150E333-8FDC-42A3-9474-1A3956D46DE8}") = "4-Repository", "4-Repository", "{C4E6A311-35AB-468A-BEED-69D93E685825}"
EndProject
Project("{FAE04EC0-301F-11D3-BF4B-00C04F79EFBC}") = "IET.DonateWell.Repository", "4-Repository\IET.DonateWell.Repository\IET.DonateWell.Repository.csproj", "{CF9134A6-A016-4633-B1B5-AF4BDEEB7389}"
EndProject
Global
	GlobalSection(SolutionConfigurationPlatforms) = preSolution
		Debug|Any CPU = Debug|Any CPU
		Debug|x64 = Debug|x64
		Debug|x86 = Debug|x86
		Release|Any CPU = Release|Any CPU
		Release|x64 = Release|x64
		Release|x86 = Release|x86
	EndGlobalSection
	GlobalSection(SolutionProperties) = preSolution
		HideSolutionNode = FALSE
	EndGlobalSection
	GlobalSection(ProjectConfigurationPlatforms) = postSolution
		{F7DAF7E7-A7A5-4285-901A-68BCE06AB377}.Debug|Any CPU.ActiveCfg = Debug|Any CPU
		{F7DAF7E7-A7A5-4285-901A-68BCE06AB377}.Debug|Any CPU.Build.0 = Debug|Any CPU
		{F7DAF7E7-A7A5-4285-901A-68BCE06AB377}.Debug|x64.ActiveCfg = Debug|Any CPU
		{F7DAF7E7-A7A5-4285-901A-68BCE06AB377}.Debug|x64.Build.0 = Debug|Any CPU
		{F7DAF7E7-A7A5-4285-901A-68BCE06AB377}.Debug|x86.ActiveCfg = Debug|Any CPU
		{F7DAF7E7-A7A5-4285-901A-68BCE06AB377}.Debug|x86.Build.0 = Debug|Any CPU
		{F7DAF7E7-A7A5-4285-901A-68BCE06AB377}.Release|Any CPU.ActiveCfg = Release|Any CPU
		{F7DAF7E7-A7A5-4285-901A-68BCE06AB377}.Release|Any CPU.Build.0 = Release|Any CPU
		{F7DAF7E7-A7A5-4285-901A-68BCE06AB377}.Release|x64.ActiveCfg = Release|Any CPU
		{F7DAF7E7-A7A5-4285-901A-68BCE06AB377}.Release|x64.Build.0 = Release|Any CPU
		{F7DAF7E7-A7A5-4285-901A-68BCE06AB377}.Release|x86.ActiveCfg = Release|Any CPU
		{F7DAF7E7-A7A5-4285-901A-68BCE06AB377}.Release|x86.Build.0 = Release|Any CPU
		{AA0B4AFF-65D1-4BC8-BBF4-F55E10FBD306}.Debug|Any CPU.ActiveCfg = Debug|Any CPU
		{AA0B4AFF-65D1-4BC8-BBF4-F55E10FBD306}.Debug|Any CPU.Build.0 = Debug|Any CPU
		{AA0B4AFF-65D1-4BC8-BBF4-F55E10FBD306}.Debug|x64.ActiveCfg = Debug|Any CPU
		{AA0B4AFF-65D1-4BC8-BBF4-F55E10FBD306}.Debug|x64.Build.0 = Debug|Any CPU
		{AA0B4AFF-65D1-4BC8-BBF4-F55E10FBD306}.Debug|x86.ActiveCfg = Debug|Any CPU
		{AA0B4AFF-65D1-4BC8-BBF4-F55E10FBD306}.Debug|x86.Build.0 = Debug|Any CPU
		{AA0B4AFF-65D1-4BC8-BBF4-F55E10FBD306}.Release|Any CPU.ActiveCfg = Release|Any CPU
		{AA0B4AFF-65D1-4BC8-BBF4-F55E10FBD306}.Release|Any CPU.Build.0 = Release|Any CPU
		{AA0B4AFF-65D1-4BC8-BBF4-F55E10FBD306}.Release|x64.ActiveCfg = Release|Any CPU
		{AA0B4AFF-65D1-4BC8-BBF4-F55E10FBD306}.Release|x64.Build.0 = Release|Any CPU
		{AA0B4AFF-65D1-4BC8-BBF4-F55E10FBD306}.Release|x86.ActiveCfg = Release|Any CPU
		{AA0B4AFF-65D1-4BC8-BBF4-F55E10FBD306}.Release|x86.Build.0 = Release|Any CPU
		{A970B0FD-B894-4AC0-A2ED-828EEEFF2780}.Debug|Any CPU.ActiveCfg = Debug|Any CPU
		{A970B0FD-B894-4AC0-A2ED-828EEEFF2780}.Debug|Any CPU.Build.0 = Debug|Any CPU
		{A970B0FD-B894-4AC0-A2ED-828EEEFF2780}.Debug|x64.ActiveCfg = Debug|Any CPU
		{A970B0FD-B894-4AC0-A2ED-828EEEFF2780}.Debug|x64.Build.0 = Debug|Any CPU
		{A970B0FD-B894-4AC0-A2ED-828EEEFF2780}.Debug|x86.ActiveCfg = Debug|Any CPU
		{A970B0FD-B894-4AC0-A2ED-828EEEFF2780}.Debug|x86.Build.0 = Debug|Any CPU
		{A970B0FD-B894-4AC0-A2ED-828EEEFF2780}.Release|Any CPU.ActiveCfg = Release|Any CPU
		{A970B0FD-B894-4AC0-A2ED-828EEEFF2780}.Release|Any CPU.Build.0 = Release|Any CPU
		{A970B0FD-B894-4AC0-A2ED-828EEEFF2780}.Release|x64.ActiveCfg = Release|Any CPU
		{A970B0FD-B894-4AC0-A2ED-828EEEFF2780}.Release|x64.Build.0 = Release|Any CPU
		{A970B0FD-B894-4AC0-A2ED-828EEEFF2780}.Release|x86.ActiveCfg = Release|Any CPU
		{A970B0FD-B894-4AC0-A2ED-828EEEFF2780}.Release|x86.Build.0 = Release|Any CPU
		{0C632384-A2F0-4C11-B530-30905C948880}.Debug|Any CPU.ActiveCfg = Debug|Any CPU
		{0C632384-A2F0-4C11-B530-30905C948880}.Debug|Any CPU.Build.0 = Debug|Any CPU
		{0C632384-A2F0-4C11-B530-30905C948880}.Debug|x64.ActiveCfg = Debug|Any CPU
		{0C632384-A2F0-4C11-B530-30905C948880}.Debug|x64.Build.0 = Debug|Any CPU
		{0C632384-A2F0-4C11-B530-30905C948880}.Debug|x86.ActiveCfg = Debug|Any CPU
		{0C632384-A2F0-4C11-B530-30905C948880}.Debug|x86.Build.0 = Debug|Any CPU
		{0C632384-A2F0-4C11-B530-30905C948880}.Release|Any CPU.ActiveCfg = Release|Any CPU
		{0C632384-A2F0-4C11-B530-30905C948880}.Release|Any CPU.Build.0 = Release|Any CPU
		{0C632384-A2F0-4C11-B530-30905C948880}.Release|x64.ActiveCfg = Release|Any CPU
		{0C632384-A2F0-4C11-B530-30905C948880}.Release|x64.Build.0 = Release|Any CPU
		{0C632384-A2F0-4C11-B530-30905C948880}.Release|x86.ActiveCfg = Release|Any CPU
		{0C632384-A2F0-4C11-B530-30905C948880}.Release|x86.Build.0 = Release|Any CPU
		{CF9134A6-A016-4633-B1B5-AF4BDEEB7389}.Debug|Any CPU.ActiveCfg = Debug|Any CPU
		{CF9134A6-A016-4633-B1B5-AF4BDEEB7389}.Debug|Any CPU.Build.0 = Debug|Any CPU
		{CF9134A6-A016-4633-B1B5-AF4BDEEB7389}.Debug|x64.ActiveCfg = Debug|Any CPU
		{CF9134A6-A016-4633-B1B5-AF4BDEEB7389}.Debug|x64.Build.0 = Debug|Any CPU
		{CF9134A6-A016-4633-B1B5-AF4BDEEB7389}.Debug|x86.ActiveCfg = Debug|Any CPU
		{CF9134A6-A016-4633-B1B5-AF4BDEEB7389}.Debug|x86.Build.0 = Debug|Any CPU
		{CF9134A6-A016-4633-B1B5-AF4BDEEB7389}.Release|Any CPU.ActiveCfg = Release|Any CPU
		{CF9134A6-A016-4633-B1B5-AF4BDEEB7389}.Release|Any CPU.Build.0 = Release|Any CPU
		{CF9134A6-A016-4633-B1B5-AF4BDEEB7389}.Release|x64.ActiveCfg = Release|Any CPU
		{CF9134A6-A016-4633-B1B5-AF4BDEEB7389}.Release|x64.Build.0 = Release|Any CPU
		{CF9134A6-A016-4633-B1B5-AF4BDEEB7389}.Release|x86.ActiveCfg = Release|Any CPU
		{CF9134A6-A016-4633-B1B5-AF4BDEEB7389}.Release|x86.Build.0 = Release|Any CPU
	EndGlobalSection
	GlobalSection(NestedProjects) = preSolution
		{7D10CF90-0DCE-4539-8F5F-EAEC7FD93D32} = {7C7CCAF4-CE99-436A-9741-AB438A048DD8}
		{F7DAF7E7-A7A5-4285-901A-68BCE06AB377} = {7D10CF90-0DCE-4539-8F5F-EAEC7FD93D32}
		{AA0B4AFF-65D1-4BC8-BBF4-F55E10FBD306} = {A27F4774-34DC-4E79-A66F-256407800EE1}
		{A970B0FD-B894-4AC0-A2ED-828EEEFF2780} = {3C79BFA5-9BE0-40B3-8C0F-0A930A288622}
		{62663D6A-6C3D-48C2-B0D4-AAA92C6C361C} = {9EB2D478-AD2A-4662-832F-E1908D844997}
		{0C632384-A2F0-4C11-B530-30905C948880} = {62663D6A-6C3D-48C2-B0D4-AAA92C6C361C}
		{CF9134A6-A016-4633-B1B5-AF4BDEEB7389} = {C4E6A311-35AB-468A-BEED-69D93E685825}
	EndGlobalSection
EndGlobal
